
Microsoft Visual Studio Solution File, Format Version 12.00
Project("{FAE04EC0-301F-11D3-BF4B-00C04F79EFBC}") = "WpfSimpleNavigationSample.DataTemplate", "WpfSimpleNavigationSample.DataTemplate\WpfSimpleNavigationSample.DataTemplate.csproj", "{331A57F2-32BA-471F-BF6F-9DC056272C81}"
EndProject
Project("{FAE04EC0-301F-11D3-BF4B-00C04F79EFBC}") = "WpfSimpleNavigationSample.Prism", "WpfSimpleNavigationSample.Prism\WpfSimpleNavigationSample.Prism.csproj", "{5FB1B184-D570-4411-BB37-FB940BEB4083}"
EndProject
Global
	GlobalSection(SolutionConfigurationPlatforms) = preSolution
		Debug|Any CPU = Debug|Any CPU
		Release|Any CPU = Release|Any CPU
	EndGlobalSection
	GlobalSection(ProjectConfigurationPlatforms) = postSolution
		{331A57F2-32BA-471F-BF6F-9DC056272C81}.Debug|Any CPU.ActiveCfg = Debug|Any CPU
		{331A57F2-32BA-471F-BF6F-9DC056272C81}.Debug|Any CPU.Build.0 = Debug|Any CPU
		{331A57F2-32BA-471F-BF6F-9DC056272C81}.Release|Any CPU.ActiveCfg = Release|Any CPU
		{331A57F2-32BA-471F-BF6F-9DC056272C81}.Release|Any CPU.Build.0 = Release|Any CPU
		{5FB1B184-D570-4411-BB37-FB940BEB4083}.Debug|Any CPU.ActiveCfg = Debug|Any CPU
		{5FB1B184-D570-4411-BB37-FB940BEB4083}.Debug|Any CPU.Build.0 = Debug|Any CPU
		{5FB1B184-D570-4411-BB37-FB940BEB4083}.Release|Any CPU.ActiveCfg = Release|Any CPU
		{5FB1B184-D570-4411-BB37-FB940BEB4083}.Release|Any CPU.Build.0 = Release|Any CPU
	EndGlobalSection
EndGlobal
